<?xml version="1.0" encoding="utf-8"?>
<Project ToolsVersion="4.0" xmlns="http://schemas.microsoft.com/developer/msbuild/2003">
  <ItemGroup>
    <Filter Include="Source Files">
      <UniqueIdentifier>{4FC737F1-C7A5-4376-A066-2A32D752A2FF}</UniqueIdentifier>
      <Extensions>cpp;c;cc;cxx;def;odl;idl;hpj;bat;asm;asmx</Extensions>
    </Filter>
    <Filter Include="Header Files">
      <UniqueIdentifier>{93995380-89BD-4b04-88EB-625FBE52EBFB}</UniqueIdentifier>
      <Extensions>h;hpp;hxx;hm;inl;inc;xsd</Extensions>
    </Filter>
    <Filter Include="Resource Files">
      <UniqueIdentifier>{67DA6AB6-F800-4c08-8B7A-83BB121AAD01}</UniqueIdentifier>
      <Extensions>rc;ico;cur;bmp;dlg;rc2;rct;bin;rgs;gif;jpg;jpeg;jpe;resx;tiff;tif;png;wav;mfcribbon-ms</Extensions>
    </Filter>
    <Filter Include="SimpleNet">
      <UniqueIdentifier>{7b886e39-7bf4-41cb-8c7d-9a3935bf07eb}</UniqueIdentifier>
    </Filter>
    <Filter Include="SimpleNet\Basic">
      <UniqueIdentifier>{34c417e6-efb2-42ff-8058-5e8d84299ef6}</UniqueIdentifier>
    </Filter>
  </ItemGroup>
  <ItemGroup>
    <ClInclude Include="CmInclude.h">
      <Filter>SimpleNet</Filter>
    </ClInclude>
    <ClInclude Include="graphBuilder.h">
      <Filter>SimpleNet</Filter>
    </ClInclude>
    <ClInclude Include="LabelName.h">
      <Filter>SimpleNet</Filter>
    </ClInclude>
    <ClInclude Include="LocalNet.h">
      <Filter>SimpleNet</Filter>
    </ClInclude>
    <ClInclude Include="NetExplorer.h">
      <Filter>SimpleNet</Filter>
    </ClInclude>
    <ClInclude Include="Shared.h">
      <Filter>SimpleNet</Filter>
    </ClInclude>
    <ClInclude Include="SingleNet.h">
      <Filter>SimpleNet</Filter>
    </ClInclude>
    <ClInclude Include="stdafx2.h">
      <Filter>SimpleNet</Filter>
    </ClInclude>
    <ClInclude Include="Summrarizer.h">
      <Filter>SimpleNet</Filter>
    </ClInclude>
    <ClInclude Include="union_find_set.h">
      <Filter>SimpleNet</Filter>
    </ClInclude>
    <ClInclude Include="Utilization.h">
      <Filter>SimpleNet</Filter>
    </ClInclude>
    <ClInclude Include="Basic\CmAviHelper.h">
      <Filter>SimpleNet\Basic</Filter>
    </ClInclude>
    <ClInclude Include="Basic\CmComand.h">
      <Filter>SimpleNet\Basic</Filter>
    </ClInclude>
    <ClInclude Include="Basic\CmCv.h">
      <Filter>SimpleNet\Basic</Filter>
    </ClInclude>
    <ClInclude Include="Basic\CmDefinition.h">
      <Filter>SimpleNet\Basic</Filter>
    </ClInclude>
    <ClInclude Include="Basic\CmFile.h">
      <Filter>SimpleNet\Basic</Filter>
    </ClInclude>
    <ClInclude Include="Basic\CmLog.h">
      <Filter>SimpleNet\Basic</Filter>
    </ClInclude>
    <ClInclude Include="Basic\CmSetting.h">
      <Filter>SimpleNet\Basic</Filter>
    </ClInclude>
    <ClInclude Include="Basic\CmShow.h">
      <Filter>SimpleNet\Basic</Filter>
    </ClInclude>
    <ClInclude Include="Basic\CmTimer.h">
      <Filter>SimpleNet\Basic</Filter>
    </ClInclude>
  </ItemGroup>
  <ItemGroup>
    <ClCompile Include="graphBuilder.cpp">
      <Filter>SimpleNet</Filter>
    </ClCompile>
    <ClCompile Include="LocalNet.cpp">
      <Filter>SimpleNet</Filter>
    </ClCompile>
    <ClCompile Include="main.cpp">
      <Filter>SimpleNet</Filter>
    </ClCompile>
    <ClCompile Include="NetExplorer.cpp">
      <Filter>SimpleNet</Filter>
    </ClCompile>
    <ClCompile Include="PatchCluster.cpp">
      <Filter>SimpleNet</Filter>
    </ClCompile>
    <ClCompile Include="Shared.cpp">
      <Filter>SimpleNet</Filter>
    </ClCompile>
    <ClCompile Include="SingleNet.cpp">
      <Filter>SimpleNet</Filter>
    </ClCompile>
    <ClCompile Include="stdafx2.cpp">
      <Filter>SimpleNet</Filter>
    </ClCompile>
    <ClCompile Include="Summrarizer.cpp">
      <Filter>SimpleNet</Filter>
    </ClCompile>
    <ClCompile Include="union_find_set.cpp">
      <Filter>SimpleNet</Filter>
    </ClCompile>
    <ClCompile Include="Basic\CmAviHelper.cpp">
      <Filter>SimpleNet\Basic</Filter>
    </ClCompile>
    <ClCompile Include="Basic\CmComand.cpp">
      <Filter>SimpleNet\Basic</Filter>
    </ClCompile>
    <ClCompile Include="Basic\CmCv.cpp">
      <Filter>SimpleNet\Basic</Filter>
    </ClCompile>
    <ClCompile Include="Basic\CmDefinition.cpp">
      <Filter>SimpleNet\Basic</Filter>
    </ClCompile>
    <ClCompile Include="Basic\CmFile.cpp">
      <Filter>SimpleNet\Basic</Filter>
    </ClCompile>
    <ClCompile Include="Basic\CmLog.cpp">
      <Filter>SimpleNet\Basic</Filter>
    </ClCompile>
    <ClCompile Include="Basic\CmSetting.cpp">
      <Filter>SimpleNet\Basic</Filter>
    </ClCompile>
    <ClCompile Include="Basic\CmShow.cpp">
      <Filter>SimpleNet\Basic</Filter>
    </ClCompile>
    <ClCompile Include="Basic\CmTimer.cpp">
      <Filter>SimpleNet\Basic</Filter>
    </ClCompile>
    <ClCompile Include="Utilization.cpp">
      <Filter>SimpleNet</Filter>
    </ClCompile>
  </ItemGroup>
  <ItemGroup>
    <None Include="PatchNetFolder.ini" />
  </ItemGroup>
</Project>